{
    "name": "@loupeteam/librarybuilderproject",
    "version": "0.2.0",
    "lockfileVersion": 3,
    "requires": true,
    "packages": {
        "": {
            "name": "@loupeteam/librarybuilderproject",
            "version": "0.2.0",
            "license": "MIT",
            "dependencies": {
                "@loupeteam/librarybuilderproject": "^0.3.0",
                "@loupeteam/smramp": "^3.2.1"
            }
        },
        "node_modules/@loupeteam/librarybuilderproject": {
            "version": "0.3.0",
            "resolved": "https://npm.pkg.github.com/download/@loupeteam/librarybuilderproject/0.3.0/9c3c1fc98350439d618573f3b465d94e3ae1e000",
            "integrity": "sha512-kUOwhpPoqQ1DikLGFBH3c8+nsb28ayX2IpQRC0UaEg34cV4GrRoI0FvkSovc3tgrGohpyvxFPRy5C6TM5wj7JA==",
            "license": "MIT"
        },
        "node_modules/@loupeteam/smramp": {
            "version": "3.2.1",
            "resolved": "https://npm.pkg.github.com/download/@loupeteam/smramp/3.2.1/8628791284564300fc638c6857c0f30b344f375b",
            "integrity": "sha512-deI59ZinvQJYKBmcCmpiA1KEZmOAz8cuNw+QIi9ur524rBiAh/Zj8tNeeVUpEwQrgKrU9kWvGpVlJva0SA9xUQ==",
            "license": "Loupe Software License Agreement",
            "dependencies": {
                "@loupeteam/spdestlib": "*"
            }
        },
        "node_modules/@loupeteam/spdestlib": {
            "version": "0.2.0",
            "resolved": "https://npm.pkg.github.com/download/@loupeteam/spdestlib/0.2.0/bbf41b2a3454612cbcca775f2de583f08d6fea7e",
            "integrity": "sha512-5Q+WDZOdVp5MOWExj5zDW1DMaabI2brs+xShkfOjZjoYtb6J2qykK8QAQyRirvxokXmOXicQpY65lOCIrn5gyA==",
            "license": "Loupe Software License Agreement"
        }
    }
}
